dependencies:
- name: nim_llm
  repository: ""
  version: 1.1.2
- name: llama3_1_70b_instruct_4bit
  repository: ""
  version: 0.1.0
- name: nim-embed
  repository: ""
  version: 0.1.0
digest: sha256:c1d1bddaf305b8dec52a343b7f30343057f38c478cec3653e76318b5c961e070
generated: "2024-12-09T09:45:43.002894675+02:00"
